
Microsoft Visual Studio Solution File, Format Version 12.00
# Visual Studio Version 17
VisualStudioVersion = 17.7.34009.444
MinimumVisualStudioVersion = 10.0.40219.1
Project("{FAE04EC0-301F-11D3-BF4B-00C04F79EFBC}") = "lab1Exam", "lab1Exam\lab1Exam.csproj", "{24FC29BD-EC3C-4480-BA15-A5F1B524BAEF}"
EndProject
Global
	GlobalSection(SolutionConfigurationPlatforms) = preSolution
		Debug|Any CPU = Debug|Any CPU
		Release|Any CPU = Release|Any CPU
	EndGlobalSection
	GlobalSection(ProjectConfigurationPlatforms) = postSolution
		{24FC29BD-EC3C-4480-BA15-A5F1B524BAEF}.Debug|Any CPU.ActiveCfg = Debug|Any CPU
		{24FC29BD-EC3C-4480-BA15-A5F1B524BAEF}.Debug|Any CPU.Build.0 = Debug|Any CPU
		{24FC29BD-EC3C-4480-BA15-A5F1B524BAEF}.Release|Any CPU.ActiveCfg = Release|Any CPU
		{24FC29BD-EC3C-4480-BA15-A5F1B524BAEF}.Release|Any CPU.Build.0 = Release|Any CPU
	EndGlobalSection
	GlobalSection(SolutionProperties) = preSolution
		HideSolutionNode = FALSE
	EndGlobalSection
	GlobalSection(ExtensibilityGlobals) = postSolution
		SolutionGuid = {56FF3AB1-5C46-4ECA-BF6E-C0826E38711F}
	EndGlobalSection
EndGlobal
